
Microsoft Visual Studio Solution File, Format Version 12.00
# Visual Studio Version 17
VisualStudioVersion = 17.4.33122.133
MinimumVisualStudioVersion = 10.0.40219.1
Project("{FAE04EC0-301F-11D3-BF4B-00C04F79EFBC}") = "Demo_Jenkins", "Demo_Jenkins\Demo_Jenkins.csproj", "{F72F4583-038E-497C-9AFA-A9843D40FC6F}"
EndProject
Global
	GlobalSection(SolutionConfigurationPlatforms) = preSolution
		Debug|Any CPU = Debug|Any CPU
		Release|Any CPU = Release|Any CPU
	EndGlobalSection
	GlobalSection(ProjectConfigurationPlatforms) = postSolution
		{F72F4583-038E-497C-9AFA-A9843D40FC6F}.Debug|Any CPU.ActiveCfg = Debug|Any CPU
		{F72F4583-038E-497C-9AFA-A9843D40FC6F}.Debug|Any CPU.Build.0 = Debug|Any CPU
		{F72F4583-038E-497C-9AFA-A9843D40FC6F}.Release|Any CPU.ActiveCfg = Release|Any CPU
		{F72F4583-038E-497C-9AFA-A9843D40FC6F}.Release|Any CPU.Build.0 = Release|Any CPU
	EndGlobalSection
	GlobalSection(SolutionProperties) = preSolution
		HideSolutionNode = FALSE
	EndGlobalSection
	GlobalSection(ExtensibilityGlobals) = postSolution
		SolutionGuid = {D0CB108C-4577-4055-992C-0C2CD7761DC5}
	EndGlobalSection
EndGlobal
